<Solution>
  <Folder Name="/.claude/">
    <File Path=".claude/settings.local.json" />
  </Folder>
  <Folder Name="/.claude/knowledge/project/">
    <File Path=".claude/knowledge/project/README.md" />
    <File Path=".claude/knowledge/project/overview.md" />
  </Folder>
  <Folder Name="/.claude/knowledge/project/domains/Users/">
    <File Path=".claude/knowledge/project/domains/Users/README.md" />
  </Folder>
  <Folder Name="/.claude/skills/" />
  <Folder Name="/.claude/skills/memeapp-domain-spec/">
    <File Path=".claude/skills/memeapp-domain-spec/SKILL.md" />
  </Folder>
  <Folder Name="/.claude/skills/memeapp-domain-impl/">
    <File Path=".claude/skills/memeapp-domain-impl/SKILL.md" />
  </Folder>
  <Folder Name="/.claude/knowledge/" />
  <Folder Name="/.claude/knowledge/architecture/">
    <File Path=".claude/knowledge/architecture/README.md" />
    <File Path=".claude/knowledge/architecture/overview.md" />
    <File Path=".claude/knowledge/architecture/fusion.md" />
  </Folder>
  <Folder Name="/.claude/knowledge/code-style/">
    <File Path=".claude/knowledge/code-style/README.md" />
    <File Path=".claude/knowledge/code-style/naming.md" />
    <File Path=".claude/knowledge/code-style/file-namespace.md" />
    <File Path=".claude/knowledge/code-style/di-modules.md" />
    <File Path=".claude/knowledge/code-style/fusion.md" />
    <File Path=".claude/knowledge/code-style/async.md" />
    <File Path=".claude/knowledge/code-style/formatting.md" />
    <File Path=".claude/knowledge/code-style/blazor-ui.md" />
    <File Path=".claude/knowledge/code-style/testing.md" />
  </Folder>
  <Folder Name="/cmd/" />
  <Folder Name="/src/" />
  <Folder Name="/src/dotnet/" />
  <Folder Name="/src/dotnet/Apps/">
    <Project Path="D:/Repositories/MemeApp/src/dotnet/Apps/MemeApp.Apps.UI.Core/MemeApp.Apps.UI.Core.csproj" Id="cfde57b6-468a-4980-ab9f-434d8fcf36e9" />
    <Project Path="src/dotnet/Apps/MemeApp.Apps.ServerHost/MemeApp.Apps.ServerHost.csproj" />
    <Project Path="src/dotnet/Apps/MemeApp.Apps.ServiceDefaults/MemeApp.Apps.ServiceDefaults.csproj" Id="9f861941-eec3-4cd5-8a57-4d3217c403b8" />
    <Project Path="src/dotnet/Apps/MemeApp.Apps.SystemHost/MemeApp.Apps.SystemHost.csproj" Id="11dd05dd-cdb7-4a47-97d5-48f7b1bdb9c5" />
  </Folder>
  <Folder Name="/src/dotnet/Domains/" />
  <Folder Name="/src/dotnet/Domains/Memes/" />
  <Folder Name="/src/dotnet/Domains/Users/">
    <Project Path="src/dotnet/Domains/Users/MemeApp.Users.Contracts/MemeApp.Users.Contracts.csproj" Id="64a0ee9d-b63f-4186-b4aa-852e085aa376" />
    <Project Path="src/dotnet/Domains/Users/MemeApp.Users.Core/MemeApp.Users.Core.csproj" Id="26f44e60-9927-4cc4-8c0c-240978293f9e" />
  </Folder>
  <Folder Name="/src/dotnet/Shared/">
    <Project Path="D:/Repositories/MemeApp/src/dotnet/Shared/MemeApp.Common/MemeApp.Common.csproj" />
  </Folder>
  <Folder Name="/_/">
    <File Path=".editorconfig" />
    <File Path=".filenesting.json" />
    <File Path=".gitignore" />
    <File Path="CLAUDE.md" />
    <File Path="Directory.Build.props" />
    <File Path="Directory.Packages.props" />
    <File Path="dotnet-tools.json" />
    <File Path="LICENSE" />
  </Folder>
</Solution>
